// !$*UTF8*$!
{
	archiveVersion = 1;
	classes = {
	};
	objectVersion = 51;
	objects = {

/* Begin PBXBuildFile section */
		2999B9E32329B6DA00766793 /* AppDelegate.swift in Sources */ = {isa = PBXBuildFile; fileRef = 2999B9E22329B6DA00766793 /* AppDelegate.swift */; };
		2999B9E52329B6DA00766793 /* ViewController.swift in Sources */ = {isa = PBXBuildFile; fileRef = 2999B9E42329B6DA00766793 /* ViewController.swift */; };
		2999B9E82329B6DA00766793 /* Main.storyboard in Resources */ = {isa = PBXBuildFile; fileRef = 2999B9E62329B6DA00766793 /* Main.storyboard */; };
		2999B9EA2329B6DB00766793 /* Assets.xcassets in Resources */ = {isa = PBXBuildFile; fileRef = 2999B9E92329B6DB00766793 /* Assets.xcassets */; };
		2999B9ED2329B6DB00766793 /* LaunchScreen.storyboard in Resources */ = {isa = PBXBuildFile; fileRef = 2999B9EB2329B6DB00766793 /* LaunchScreen.storyboard */; };
		2999B9F72329BC4E00766793 /* CustomImgurCell.swift in Sources */ = {isa = PBXBuildFile; fileRef = 2999B9F52329BC4E00766793 /* CustomImgurCell.swift */; };
		2999B9F82329BC4E00766793 /* CustomImgurCell.xib in Resources */ = {isa = PBXBuildFile; fileRef = 2999B9F62329BC4E00766793 /* CustomImgurCell.xib */; };
		2999B9FB2329C24100766793 /* Result.swift in Sources */ = {isa = PBXBuildFile; fileRef = 2999B9FA2329C24100766793 /* Result.swift */; };
		2999B9FD232AFFCA00766793 /* ImageViewController.swift in Sources */ = {isa = PBXBuildFile; fileRef = 2999B9FC232AFFCA00766793 /* ImageViewController.swift */; };
		DAFB83B9E0F917326EFFB9E3 /* Pods_SoFi_imgur.framework in Frameworks */ = {isa = PBXBuildFile; fileRef = F609F2015F591DE8B904A373 /* Pods_SoFi_imgur.framework */; };
/* End PBXBuildFile section */

/* Begin PBXFileReference section */
		2999B9DF2329B6DA00766793 /* SoFi-imgur.app */ = {isa = PBXFileReference; explicitFileType = wrapper.application; includeInIndex = 0; path = "SoFi-imgur.app"; sourceTree = BUILT_PRODUCTS_DIR; };
		2999B9E22329B6DA00766793 /* AppDelegate.swift */ = {isa = PBXFileReference; lastKnownFileType = sourcecode.swift; path = AppDelegate.swift; sourceTree = "<group>"; };
		2999B9E42329B6DA00766793 /* ViewController.swift */ = {isa = PBXFileReference; lastKnownFileType = sourcecode.swift; path = ViewController.swift; sourceTree = "<group>"; };
		2999B9E72329B6DA00766793 /* Base */ = {isa = PBXFileReference; lastKnownFileType = file.storyboard; name = Base; path = Base.lproj/Main.storyboard; sourceTree = "<group>"; };
		2999B9E92329B6DB00766793 /* Assets.xcassets */ = {isa = PBXFileReference; lastKnownFileType = folder.assetcatalog; path = Assets.xcassets; sourceTree = "<group>"; };
		2999B9EC2329B6DB00766793 /* Base */ = {isa = PBXFileReference; lastKnownFileType = file.storyboard; name = Base; path = Base.lproj/LaunchScreen.storyboard; sourceTree = "<group>"; };
		2999B9EE2329B6DB00766793 /* Info.plist */ = {isa = PBXFileReference; lastKnownFileType = text.plist.xml; path = Info.plist; sourceTree = "<group>"; };
		2999B9F52329BC4E00766793 /* CustomImgurCell.swift */ = {isa = PBXFileReference; lastKnownFileType = sourcecode.swift; path = CustomImgurCell.swift; sourceTree = "<group>"; };
		2999B9F62329BC4E00766793 /* CustomImgurCell.xib */ = {isa = PBXFileReference; lastKnownFileType = file.xib; path = CustomImgurCell.xib; sourceTree = "<group>"; };
		2999B9FA2329C24100766793 /* Result.swift */ = {isa = PBXFileReference; lastKnownFileType = sourcecode.swift; path = Result.swift; sourceTree = "<group>"; };
		2999B9FC232AFFCA00766793 /* ImageViewController.swift */ = {isa = PBXFileReference; lastKnownFileType = sourcecode.swift; path = ImageViewController.swift; sourceTree = "<group>"; };
		2E7F38826A9E2B92D03C12AB /* Pods-SoFi-imgur.release.xcconfig */ = {isa = PBXFileReference; includeInIndex = 1; lastKnownFileType = text.xcconfig; name = "Pods-SoFi-imgur.release.xcconfig"; path = "Target Support Files/Pods-SoFi-imgur/Pods-SoFi-imgur.release.xcconfig"; sourceTree = "<group>"; };
		947B8CFA8337869CF704B0EA /* Pods-SoFi-imgur.debug.xcconfig */ = {isa = PBXFileReference; includeInIndex = 1; lastKnownFileType = text.xcconfig; name = "Pods-SoFi-imgur.debug.xcconfig"; path = "Target Support Files/Pods-SoFi-imgur/Pods-SoFi-imgur.debug.xcconfig"; sourceTree = "<group>"; };
		F609F2015F591DE8B904A373 /* Pods_SoFi_imgur.framework */ = {isa = PBXFileReference; explicitFileType = wrapper.framework; includeInIndex = 0; path = Pods_SoFi_imgur.framework; sourceTree = BUILT_PRODUCTS_DIR; };
/* End PBXFileReference section */

/* Begin PBXFrameworksBuildPhase section */
		2999B9DC2329B6DA00766793 /* Frameworks */ = {
			isa = PBXFrameworksBuildPhase;
			buildActionMask = 2147483647;
			files = (
				DAFB83B9E0F917326EFFB9E3 /* Pods_SoFi_imgur.framework in Frameworks */,
			);
			runOnlyForDeploymentPostprocessing = 0;
		};
/* End PBXFrameworksBuildPhase section */

/* Begin PBXGroup section */
		2999B9D62329B6DA00766793 = {
			isa = PBXGroup;
			children = (
				2999B9E12329B6DA00766793 /* SoFi-imgur */,
				2999B9E02329B6DA00766793 /* Products */,
				FDAD622CB1EFEDADFB507ECA /* Pods */,
				D1C8A1CEAC439D873B428966 /* Frameworks */,
			);
			sourceTree = "<group>";
		};
		2999B9E02329B6DA00766793 /* Products */ = {
			isa = PBXGroup;
			children = (
				2999B9DF2329B6DA00766793 /* SoFi-imgur.app */,
			);
			name = Products;
			sourceTree = "<group>";
		};
		2999B9E12329B6DA00766793 /* SoFi-imgur */ = {
			isa = PBXGroup;
			children = (
				2999B9F92329C22A00766793 /* Model */,
				2999B9F42329BC2E00766793 /* Custom Cell */,
				2999B9E22329B6DA00766793 /* AppDelegate.swift */,
				2999B9E42329B6DA00766793 /* ViewController.swift */,
				2999B9E62329B6DA00766793 /* Main.storyboard */,
				2999B9FC232AFFCA00766793 /* ImageViewController.swift */,
				2999B9E92329B6DB00766793 /* Assets.xcassets */,
				2999B9EB2329B6DB00766793 /* LaunchScreen.storyboard */,
				2999B9EE2329B6DB00766793 /* Info.plist */,
			);
			path = "SoFi-imgur";
			sourceTree = "<group>";
		};
		2999B9F42329BC2E00766793 /* Custom Cell */ = {
			isa = PBXGroup;
			children = (
				2999B9F52329BC4E00766793 /* CustomImgurCell.swift */,
				2999B9F62329BC4E00766793 /* CustomImgurCell.xib */,
			);
			path = "Custom Cell";
			sourceTree = "<group>";
		};
		2999B9F92329C22A00766793 /* Model */ = {
			isa = PBXGroup;
			children = (
				2999B9FA2329C24100766793 /* Result.swift */,
			);
			path = Model;
			sourceTree = "<group>";
		};
		D1C8A1CEAC439D873B428966 /* Frameworks */ = {
			isa = PBXGroup;
			children = (
				F609F2015F591DE8B904A373 /* Pods_SoFi_imgur.framework */,
			);
			name = Frameworks;
			sourceTree = "<group>";
		};
		FDAD622CB1EFEDADFB507ECA /* Pods */ = {
			isa = PBXGroup;
			children = (
				947B8CFA8337869CF704B0EA /* Pods-SoFi-imgur.debug.xcconfig */,
				2E7F38826A9E2B92D03C12AB /* Pods-SoFi-imgur.release.xcconfig */,
			);
			path = Pods;
			sourceTree = "<group>";
		};
/* End PBXGroup section */

/* Begin PBXNativeTarget section */
		2999B9DE2329B6DA00766793 /* SoFi-imgur */ = {
			isa = PBXNativeTarget;
			buildConfigurationList = 2999B9F12329B6DB00766793 /* Build configuration list for PBXNativeTarget "SoFi-imgur" */;
			buildPhases = (
				C95AAB54AE353BA42D2325C5 /* [CP] Check Pods Manifest.lock */,
				2999B9DB2329B6DA00766793 /* Sources */,
				2999B9DC2329B6DA00766793 /* Frameworks */,
				2999B9DD2329B6DA00766793 /* Resources */,
				4CFC7A091C00BD5AC39A6378 /* [CP] Embed Pods Frameworks */,
			);
			buildRules = (
			);
			dependencies = (
			);
			name = "SoFi-imgur";
			productName = "SoFi-imgur";
			productReference = 2999B9DF2329B6DA00766793 /* SoFi-imgur.app */;
			productType = "com.apple.product-type.application";
		};
/* End PBXNativeTarget section */

/* Begin PBXProject section */
		2999B9D72329B6DA00766793 /* Project object */ = {
			isa = PBXProject;
			attributes = {
				LastSwiftUpdateCheck = 1030;
				LastUpgradeCheck = 1030;
				ORGANIZATIONNAME = "James Garcia-Bengochea";
				TargetAttributes = {
					2999B9DE2329B6DA00766793 = {
						CreatedOnToolsVersion = 10.3;
					};
				};
			};
			buildConfigurationList = 2999B9DA2329B6DA00766793 /* Build configuration list for PBXProject "SoFi-imgur" */;
			compatibilityVersion = "Xcode 9.3";
			developmentRegion = en;
			hasScannedForEncodings = 0;
			knownRegions = (
				en,
				Base,
			);
			mainGroup = 2999B9D62329B6DA00766793;
			productRefGroup = 2999B9E02329B6DA00766793 /* Products */;
			projectDirPath = "";
			projectRoot = "";
			targets = (
				2999B9DE2329B6DA00766793 /* SoFi-imgur */,
			);
		};
/* End PBXProject section */

/* Begin PBXResourcesBuildPhase section */
		2999B9DD2329B6DA00766793 /* Resources */ = {
			isa = PBXResourcesBuildPhase;
			buildActionMask = 2147483647;
			files = (
				2999B9ED2329B6DB00766793 /* LaunchScreen.storyboard in Resources */,
				2999B9EA2329B6DB00766793 /* Assets.xcassets in Resources */,
				2999B9E82329B6DA00766793 /* Main.storyboard in Resources */,
				2999B9F82329BC4E00766793 /* CustomImgurCell.xib in Resources */,
			);
			runOnlyForDeploymentPostprocessing = 0;
		};
/* End PBXResourcesBuildPhase section */

/* Begin PBXShellScriptBuildPhase section */
		4CFC7A091C00BD5AC39A6378 /* [CP] Embed Pods Frameworks */ = {
			isa = PBXShellScriptBuildPhase;
			buildActionMask = 2147483647;
			files = (
			);
			inputFileListPaths = (
				"${PODS_ROOT}/Target Support Files/Pods-SoFi-imgur/Pods-SoFi-imgur-frameworks-${CONFIGURATION}-input-files.xcfilelist",
			);
			name = "[CP] Embed Pods Frameworks";
			outputFileListPaths = (
				"${PODS_ROOT}/Target Support Files/Pods-SoFi-imgur/Pods-SoFi-imgur-frameworks-${CONFIGURATION}-output-files.xcfilelist",
			);
			runOnlyForDeploymentPostprocessing = 0;
			shellPath = /bin/sh;
			shellScript = "\"${PODS_ROOT}/Target Support Files/Pods-SoFi-imgur/Pods-SoFi-imgur-frameworks.sh\"\n";
			showEnvVarsInLog = 0;
		};
		C95AAB54AE353BA42D2325C5 /* [CP] Check Pods Manifest.lock */ = {
			isa = PBXShellScriptBuildPhase;
			buildActionMask = 2147483647;
			files = (
			);
			inputFileListPaths = (
			);
			inputPaths = (
				"${PODS_PODFILE_DIR_PATH}/Podfile.lock",
				"${PODS_ROOT}/Manifest.lock",
			);
			name = "[CP] Check Pods Manifest.lock";
			outputFileListPaths = (
			);
			outputPaths = (
				"$(DERIVED_FILE_DIR)/Pods-SoFi-imgur-checkManifestLockResult.txt",
			);
			runOnlyForDeploymentPostprocessing = 0;
			shellPath = /bin/sh;
			shellScript = "diff \"${PODS_PODFILE_DIR_PATH}/Podfile.lock\" \"${PODS_ROOT}/Manifest.lock\" > /dev/null\nif [ $? != 0 ] ; then\n    # print error to STDERR\n    echo \"error: The sandbox is not in sync with the Podfile.lock. Run 'pod install' or update your CocoaPods installation.\" >&2\n    exit 1\nfi\n# This output is used by Xcode 'outputs' to avoid re-running this script phase.\necho \"SUCCESS\" > \"${SCRIPT_OUTPUT_FILE_0}\"\n";
			showEnvVarsInLog = 0;
		};
/* End PBXShellScriptBuildPhase section */

/* Begin PBXSourcesBuildPhase section */
		2999B9DB2329B6DA00766793 /* Sources */ = {
			isa = PBXSourcesBuildPhase;
			buildActionMask = 2147483647;
			files = (
				2999B9E52329B6DA00766793 /* ViewController.swift in Sources */,
				2999B9E32329B6DA00766793 /* AppDelegate.swift in Sources */,
				2999B9FD232AFFCA00766793 /* ImageViewController.swift in Sources */,
				2999B9FB2329C24100766793 /* Result.swift in Sources */,
				2999B9F72329BC4E00766793 /* CustomImgurCell.swift in Sources */,
			);
			runOnlyForDeploymentPostprocessing = 0;
		};
/* End PBXSourcesBuildPhase section */

/* Begin PBXVariantGroup section */
		2999B9E62329B6DA00766793 /* Main.storyboard */ = {
			isa = PBXVariantGroup;
			children = (
				2999B9E72329B6DA00766793 /* Base */,
			);
			name = Main.storyboard;
			sourceTree = "<group>";
		};
		2999B9EB2329B6DB00766793 /* LaunchScreen.storyboard */ = {
			isa = PBXVariantGroup;
			children = (
				2999B9EC2329B6DB00766793 /* Base */,
			);
			name = LaunchScreen.storyboard;
			sourceTree = "<group>";
		};
/* End PBXVariantGroup section */

/* Begin XCBuildConfiguration section */
		2999B9EF2329B6DB00766793 /* Debug */ = {
			isa = XCBuildConfiguration;
			buildSettings = {
				ALWAYS_SEARCH_USER_PATHS = NO;
				CLANG_ANALYZER_NONNULL = YES;
				CLANG_ANALYZER_NUMBER_OBJECT_CONVERSION = YES_AGGRESSIVE;
				CLANG_CXX_LANGUAGE_STANDARD = "gnu++14";
				CLANG_CXX_LIBRARY = "libc++";
				CLANG_ENABLE_MODULES = YES;
				CLANG_ENABLE_OBJC_ARC = YES;
				CLANG_ENABLE_OBJC_WEAK = YES;
				CLANG_WARN_BLOCK_CAPTURE_AUTORELEASING = YES;
				CLANG_WARN_BOOL_CONVERSION = YES;
				CLANG_WARN_COMMA = YES;
				CLANG_WARN_CONSTANT_CONVERSION = YES;
				CLANG_WARN_DEPRECATED_OBJC_IMPLEMENTATIONS = YES;
				CLANG_WARN_DIRECT_OBJC_ISA_USAGE = YES_ERROR;
				CLANG_WARN_DOCUMENTATION_COMMENTS = YES;
				CLANG_WARN_EMPTY_BODY = YES;
				CLANG_WARN_ENUM_CONVERSION = YES;
				CLANG_WARN_INFINITE_RECURSION = YES;
				CLANG_WARN_INT_CONVERSION = YES;
				CLANG_WARN_NON_LITERAL_NULL_CONVERSION = YES;
				CLANG_WARN_OBJC_IMPLICIT_RETAIN_SELF = YES;
				CLANG_WARN_OBJC_LITERAL_CONVERSION = YES;
				CLANG_WARN_OBJC_ROOT_CLASS = YES_ERROR;
				CLANG_WARN_RANGE_LOOP_ANALYSIS = YES;
				CLANG_WARN_STRICT_PROTOTYPES = YES;
				CLANG_WARN_SUSPICIOUS_MOVE = YES;
				CLANG_WARN_UNGUARDED_AVAILABILITY = YES_AGGRESSIVE;
				CLANG_WARN_UNREACHABLE_CODE = YES;
				CLANG_WARN__DUPLICATE_METHOD_MATCH = YES;
				CODE_SIGN_IDENTITY = "iPhone Developer";
				COPY_PHASE_STRIP = NO;
				DEBUG_INFORMATION_FORMAT = dwarf;
				ENABLE_STRICT_OBJC_MSGSEND = YES;
				ENABLE_TESTABILITY = YES;
				GCC_C_LANGUAGE_STANDARD = gnu11;
				GCC_DYNAMIC_NO_PIC = NO;
				GCC_NO_COMMON_BLOCKS = YES;
				GCC_OPTIMIZATION_LEVEL = 0;
				GCC_PREPROCESSOR_DEFINITIONS = (
					"DEBUG=1",
					"$(inherited)",
				);
				GCC_WARN_64_TO_32_BIT_CONVERSION = YES;
				GCC_WARN_ABOUT_RETURN_TYPE = YES_ERROR;
				GCC_WARN_UNDECLARED_SELECTOR = YES;
				GCC_WARN_UNINITIALIZED_AUTOS = YES_AGGRESSIVE;
				GCC_WARN_UNUSED_FUNCTION = YES;
				GCC_WARN_UNUSED_VARIABLE = YES;
				IPHONEOS_DEPLOYMENT_TARGET = 12.4;
				MTL_ENABLE_DEBUG_INFO = INCLUDE_SOURCE;
				MTL_FAST_MATH = YES;
				ONLY_ACTIVE_ARCH = YES;
				SDKROOT = iphoneos;
				SWIFT_ACTIVE_COMPILATION_CONDITIONS = DEBUG;
				SWIFT_OPTIMIZATION_LEVEL = "-Onone";
			};
			name = Debug;
		};
		2999B9F02329B6DB00766793 /* Release */ = {
			isa = XCBuildConfiguration;
			buildSettings = {
				ALWAYS_SEARCH_USER_PATHS = NO;
				CLANG_ANALYZER_NONNULL = YES;
				CLANG_ANALYZER_NUMBER_OBJECT_CONVERSION = YES_AGGRESSIVE;
				CLANG_CXX_LANGUAGE_STANDARD = "gnu++14";
				CLANG_CXX_LIBRARY = "libc++";
				CLANG_ENABLE_MODULES = YES;
				CLANG_ENABLE_OBJC_ARC = YES;
				CLANG_ENABLE_OBJC_WEAK = YES;
				CLANG_WARN_BLOCK_CAPTURE_AUTORELEASING = YES;
				CLANG_WARN_BOOL_CONVERSION = YES;
				CLANG_WARN_COMMA = YES;
				CLANG_WARN_CONSTANT_CONVERSION = YES;
				CLANG_WARN_DEPRECATED_OBJC_IMPLEMENTATIONS = YES;
				CLANG_WARN_DIRECT_OBJC_ISA_USAGE = YES_ERROR;
				CLANG_WARN_DOCUMENTATION_COMMENTS = YES;
				CLANG_WARN_EMPTY_BODY = YES;
				CLANG_WARN_ENUM_CONVERSION = YES;
				CLANG_WARN_INFINITE_RECURSION = YES;
				CLANG_WARN_INT_CONVERSION = YES;
				CLANG_WARN_NON_LITERAL_NULL_CONVERSION = YES;
				CLANG_WARN_OBJC_IMPLICIT_RETAIN_SELF = YES;
				CLANG_WARN_OBJC_LITERAL_CONVERSION = YES;
				CLANG_WARN_OBJC_ROOT_CLASS = YES_ERROR;
				CLANG_WARN_RANGE_LOOP_ANALYSIS = YES;
				CLANG_WARN_STRICT_PROTOTYPES = YES;
				CLANG_WARN_SUSPICIOUS_MOVE = YES;
				CLANG_WARN_UNGUARDED_AVAILABILITY = YES_AGGRESSIVE;
				CLANG_WARN_UNREACHABLE_CODE = YES;
				CLANG_WARN__DUPLICATE_METHOD_MATCH = YES;
				CODE_SIGN_IDENTITY = "iPhone Developer";
				COPY_PHASE_STRIP = NO;
				DEBUG_INFORMATION_FORMAT = "dwarf-with-dsym";
				ENABLE_NS_ASSERTIONS = NO;
				ENABLE_STRICT_OBJC_MSGSEND = YES;
				GCC_C_LANGUAGE_STANDARD = gnu11;
				GCC_NO_COMMON_BLOCKS = YES;
				GCC_WARN_64_TO_32_BIT_CONVERSION = YES;
				GCC_WARN_ABOUT_RETURN_TYPE = YES_ERROR;
				GCC_WARN_UNDECLARED_SELECTOR = YES;
				GCC_WARN_UNINITIALIZED_AUTOS = YES_AGGRESSIVE;
				GCC_WARN_UNUSED_FUNCTION = YES;
				GCC_WARN_UNUSED_VARIABLE = YES;
				IPHONEOS_DEPLOYMENT_TARGET = 12.4;
				MTL_ENABLE_DEBUG_INFO = NO;
				MTL_FAST_MATH = YES;
				SDKROOT = iphoneos;
				SWIFT_COMPILATION_MODE = wholemodule;
				SWIFT_OPTIMIZATION_LEVEL = "-O";
				VALIDATE_PRODUCT = YES;
			};
			name = Release;
		};
		2999B9F22329B6DB00766793 /* Debug */ = {
			isa = XCBuildConfiguration;
			baseConfigurationReference = 947B8CFA8337869CF704B0EA /* Pods-SoFi-imgur.debug.xcconfig */;
			buildSettings = {
				ASSETCATALOG_COMPILER_APPICON_NAME = AppIcon;
				CODE_SIGN_STYLE = Automatic;
				DEVELOPMENT_TEAM = 92YS578R3U;
				INFOPLIST_FILE = "SoFi-imgur/Info.plist";
				LD_RUNPATH_SEARCH_PATHS = (
					"$(inherited)",
					"@executable_path/Frameworks",
				);
				PRODUCT_BUNDLE_IDENTIFIER = "com.jamesgarciabengochea.SoFi-imgur";
				PRODUCT_NAME = "$(TARGET_NAME)";
				SWIFT_VERSION = 5.0;
				TARGETED_DEVICE_FAMILY = "1,2";
			};
			name = Debug;
		};
		2999B9F32329B6DB00766793 /* Release */ = {
			isa = XCBuildConfiguration;
			baseConfigurationReference = 2E7F38826A9E2B92D03C12AB /* Pods-SoFi-imgur.release.xcconfig */;
			buildSettings = {
				ASSETCATALOG_COMPILER_APPICON_NAME = AppIcon;
				CODE_SIGN_STYLE = Automatic;
				DEVELOPMENT_TEAM = 92YS578R3U;
				INFOPLIST_FILE = "SoFi-imgur/Info.plist";
				LD_RUNPATH_SEARCH_PATHS = (
					"$(inherited)",
					"@executable_path/Frameworks",
				);
				PRODUCT_BUNDLE_IDENTIFIER = "com.jamesgarciabengochea.SoFi-imgur";
				PRODUCT_NAME = "$(TARGET_NAME)";
				SWIFT_VERSION = 5.0;
				TARGETED_DEVICE_FAMILY = "1,2";
			};
			name = Release;
		};
/* End XCBuildConfiguration section */

/* Begin XCConfigurationList section */
		2999B9DA2329B6DA00766793 /* Build configuration list for PBXProject "SoFi-imgur" */ = {
			isa = XCConfigurationList;
			buildConfigurations = (
				2999B9EF2329B6DB00766793 /* Debug */,
				2999B9F02329B6DB00766793 /* Release */,
			);
			defaultConfigurationIsVisible = 0;
			defaultConfigurationName = Release;
		};
		2999B9F12329B6DB00766793 /* Build configuration list for PBXNativeTarget "SoFi-imgur" */ = {
			isa = XCConfigurationList;
			buildConfigurations = (
				2999B9F22329B6DB00766793 /* Debug */,
				2999B9F32329B6DB00766793 /* Release */,
			);
			defaultConfigurationIsVisible = 0;
			defaultConfigurationName = Release;
		};
/* End XCConfigurationList section */
	};
	rootObject = 2999B9D72329B6DA00766793 /* Project object */;
}
